
Microsoft Visual Studio Solution File, Format Version 11.00
# Visual Studio 2010
Project("{8BC9CEB8-8B4A-11D0-8D11-00A0C91BC942}") = "HisTest", "HisTest.vcxproj", "{D0DB044C-0D06-46E3-9EB7-1E5CAD047A07}"
EndProject
Global
	GlobalSection(SolutionConfigurationPlatforms) = preSolution
		Debug|Win32 = Debug|Win32
		Release|Win32 = Release|Win32
		Template|Win32 = Template|Win32
	EndGlobalSection
	GlobalSection(ProjectConfigurationPlatforms) = postSolution
		{D0DB044C-0D06-46E3-9EB7-1E5CAD047A07}.Debug|Win32.ActiveCfg = Debug|Win32
		{D0DB044C-0D06-46E3-9EB7-1E5CAD047A07}.Debug|Win32.Build.0 = Debug|Win32
		{D0DB044C-0D06-46E3-9EB7-1E5CAD047A07}.Release|Win32.ActiveCfg = Release|Win32
		{D0DB044C-0D06-46E3-9EB7-1E5CAD047A07}.Release|Win32.Build.0 = Release|Win32
		{D0DB044C-0D06-46E3-9EB7-1E5CAD047A07}.Template|Win32.ActiveCfg = Template|Win32
		{D0DB044C-0D06-46E3-9EB7-1E5CAD047A07}.Template|Win32.Build.0 = Template|Win32
	EndGlobalSection
	GlobalSection(SolutionProperties) = preSolution
		HideSolutionNode = FALSE
	EndGlobalSection
EndGlobal
